
Microsoft Visual Studio Solution File, Format Version 12.00
# Visual Studio 15
VisualStudioVersion = 15.0.28010.2041
MinimumVisualStudioVersion = 10.0.40219.1
Project("{FAE04EC0-301F-11D3-BF4B-00C04F79EFBC}") = "RockPaperScissors", "RockPaperScissors\RockPaperScissors.csproj", "{761222C9-581B-42C0-BAAF-326D1BCC1EE0}"
EndProject
Project("{FAE04EC0-301F-11D3-BF4B-00C04F79EFBC}") = "RockPaperScissorsUnitTester", "RockPaperScissorsUnitTester\RockPaperScissorsUnitTester.csproj", "{5AEA5650-7CF8-41BF-BC78-0DD623704AB5}"
EndProject
Global
	GlobalSection(SolutionConfigurationPlatforms) = preSolution
		Debug|Any CPU = Debug|Any CPU
		Release|Any CPU = Release|Any CPU
	EndGlobalSection
	GlobalSection(ProjectConfigurationPlatforms) = postSolution
		{761222C9-581B-42C0-BAAF-326D1BCC1EE0}.Debug|Any CPU.ActiveCfg = Debug|Any CPU
		{761222C9-581B-42C0-BAAF-326D1BCC1EE0}.Debug|Any CPU.Build.0 = Debug|Any CPU
		{761222C9-581B-42C0-BAAF-326D1BCC1EE0}.Release|Any CPU.ActiveCfg = Release|Any CPU
		{761222C9-581B-42C0-BAAF-326D1BCC1EE0}.Release|Any CPU.Build.0 = Release|Any CPU
		{5AEA5650-7CF8-41BF-BC78-0DD623704AB5}.Debug|Any CPU.ActiveCfg = Debug|Any CPU
		{5AEA5650-7CF8-41BF-BC78-0DD623704AB5}.Debug|Any CPU.Build.0 = Debug|Any CPU
		{5AEA5650-7CF8-41BF-BC78-0DD623704AB5}.Release|Any CPU.ActiveCfg = Release|Any CPU
		{5AEA5650-7CF8-41BF-BC78-0DD623704AB5}.Release|Any CPU.Build.0 = Release|Any CPU
	EndGlobalSection
	GlobalSection(SolutionProperties) = preSolution
		HideSolutionNode = FALSE
	EndGlobalSection
	GlobalSection(ExtensibilityGlobals) = postSolution
		SolutionGuid = {081B5002-0515-4BFD-A09C-B37ABBF9311C}
	EndGlobalSection
EndGlobal
