
Microsoft Visual Studio Solution File, Format Version 12.00
# Visual Studio 15
VisualStudioVersion = 15.0.28010.2050
MinimumVisualStudioVersion = 10.0.40219.1
Project("{FAE04EC0-301F-11D3-BF4B-00C04F79EFBC}") = "NotNullableAssignment", "NotNullableAssignment\NotNullableAssignment.csproj", "{D8812F73-0931-4E1C-99D8-66D014F153E4}"
EndProject
Global
	GlobalSection(SolutionConfigurationPlatforms) = preSolution
		Debug|Any CPU = Debug|Any CPU
		Release|Any CPU = Release|Any CPU
	EndGlobalSection
	GlobalSection(ProjectConfigurationPlatforms) = postSolution
		{D8812F73-0931-4E1C-99D8-66D014F153E4}.Debug|Any CPU.ActiveCfg = Debug|Any CPU
		{D8812F73-0931-4E1C-99D8-66D014F153E4}.Debug|Any CPU.Build.0 = Debug|Any CPU
		{D8812F73-0931-4E1C-99D8-66D014F153E4}.Release|Any CPU.ActiveCfg = Release|Any CPU
		{D8812F73-0931-4E1C-99D8-66D014F153E4}.Release|Any CPU.Build.0 = Release|Any CPU
	EndGlobalSection
	GlobalSection(SolutionProperties) = preSolution
		HideSolutionNode = FALSE
	EndGlobalSection
	GlobalSection(ExtensibilityGlobals) = postSolution
		SolutionGuid = {D848D90B-7E5A-4FD6-81DD-1E660C526E67}
	EndGlobalSection
EndGlobal
